
Microsoft Visual Studio Solution File, Format Version 12.00
# Visual Studio Version 17
VisualStudioVersion = 17.0.32014.148
MinimumVisualStudioVersion = 10.0.40219.1
Project("{FAE04EC0-301F-11D3-BF4B-00C04F79EFBC}") = "ISP", "ISP.csproj", "{0A9525C7-E1CB-4C3E-B26C-0745F07F5FB9}"
EndProject
Project("{FAE04EC0-301F-11D3-BF4B-00C04F79EFBC}") = "Accounting", "Accounting\Accounting.csproj", "{467A34CF-1999-4A94-A33F-671FE9424F2A}"
EndProject
Project("{FAE04EC0-301F-11D3-BF4B-00C04F79EFBC}") = "Core", "Core\Core.csproj", "{C8750BFE-2F69-4AF6-9F49-55F15E1F6280}"
EndProject
Project("{FAE04EC0-301F-11D3-BF4B-00C04F79EFBC}") = "Contracts", "Contracts\Contracts.csproj", "{8E4A8C17-0909-4232-9661-86312124130A}"
EndProject
Project("{FAE04EC0-301F-11D3-BF4B-00C04F79EFBC}") = "Options", "Options\Options.csproj", "{0D932364-FA0B-444C-8503-D30EA6933646}"
EndProject
Project("{FAE04EC0-301F-11D3-BF4B-00C04F79EFBC}") = "DocuSign.ISP", "DocuSign.ISP\DocuSign.ISP.csproj", "{DE6B69BE-8A39-4CDA-B39D-1AE5A25D91D6}"
EndProject
Project("{FAE04EC0-301F-11D3-BF4B-00C04F79EFBC}") = "Products", "Products\Products.csproj", "{22F8BA5D-66C3-41B2-BD6A-6636BDDD8DCE}"
EndProject
Project("{FAE04EC0-301F-11D3-BF4B-00C04F79EFBC}") = "Transactions", "Transactions\Transactions.csproj", "{23569148-61E2-4B30-A7CE-F1F52130333E}"
EndProject
Project("{FAE04EC0-301F-11D3-BF4B-00C04F79EFBC}") = "Reports", "Reports\Reports.csproj", "{24B7BF14-C662-44DB-A4BF-9EC2FF0AB3EE}"
EndProject
Project("{FAE04EC0-301F-11D3-BF4B-00C04F79EFBC}") = "Tools", "Tools\Tools.csproj", "{75064ED5-3F2D-4B03-830C-FB41FAD65F1E}"
EndProject
Project("{FAE04EC0-301F-11D3-BF4B-00C04F79EFBC}") = "Custody", "Custody\Custody.csproj", "{5F7B99A1-F587-4DEB-B9D7-BCE8AE2F019B}"
EndProject
Project("{FAE04EC0-301F-11D3-BF4B-00C04F79EFBC}") = "ISPServer", "ISPServer\ISPServer.csproj", "{6A3A6466-D2AF-4065-9D47-55E9541E7842}"
EndProject
Project("{9A19103F-16F7-4668-BE54-9A1E7A4F7556}") = "ISPWebAPI", "ISPWebAPI\ISPWebAPI.csproj", "{4A0BEBBA-F290-4714-8E96-706F584FF85A}"
EndProject
Project("{9A19103F-16F7-4668-BE54-9A1E7A4F7556}") = "ISPDBO", "ISPDBO\ISPDBO.csproj", "{6F8D1C84-0316-487D-A580-58BC7FA05755}"
EndProject
Project("{FAE04EC0-301F-11D3-BF4B-00C04F79EFBC}") = "ISP_IPPDF", "ISP_IPPDF\ISP_IPPDF.csproj", "{7E01D42D-2F58-4BD1-A36D-12DBFA1C89E7}"
EndProject
Project("{FAE04EC0-301F-11D3-BF4B-00C04F79EFBC}") = "ISP_OutlookAddIn", "ISP_OutlookAddIn\ISP_OutlookAddIn.csproj", "{C0DB834F-89CE-4002-9614-897FA9E0EE15}"
EndProject
Global
	GlobalSection(SolutionConfigurationPlatforms) = preSolution
		Debug|Any CPU = Debug|Any CPU
		Release|Any CPU = Release|Any CPU
	EndGlobalSection
	GlobalSection(ProjectConfigurationPlatforms) = postSolution
		{0A9525C7-E1CB-4C3E-B26C-0745F07F5FB9}.Debug|Any CPU.ActiveCfg = Debug|Any CPU
		{0A9525C7-E1CB-4C3E-B26C-0745F07F5FB9}.Debug|Any CPU.Build.0 = Debug|Any CPU
		{0A9525C7-E1CB-4C3E-B26C-0745F07F5FB9}.Release|Any CPU.ActiveCfg = Release|Any CPU
		{0A9525C7-E1CB-4C3E-B26C-0745F07F5FB9}.Release|Any CPU.Build.0 = Release|Any CPU
		{467A34CF-1999-4A94-A33F-671FE9424F2A}.Debug|Any CPU.ActiveCfg = Debug|Any CPU
		{467A34CF-1999-4A94-A33F-671FE9424F2A}.Debug|Any CPU.Build.0 = Debug|Any CPU
		{467A34CF-1999-4A94-A33F-671FE9424F2A}.Release|Any CPU.ActiveCfg = Release|Any CPU
		{467A34CF-1999-4A94-A33F-671FE9424F2A}.Release|Any CPU.Build.0 = Release|Any CPU
		{C8750BFE-2F69-4AF6-9F49-55F15E1F6280}.Debug|Any CPU.ActiveCfg = Debug|Any CPU
		{C8750BFE-2F69-4AF6-9F49-55F15E1F6280}.Debug|Any CPU.Build.0 = Debug|Any CPU
		{C8750BFE-2F69-4AF6-9F49-55F15E1F6280}.Release|Any CPU.ActiveCfg = Release|Any CPU
		{C8750BFE-2F69-4AF6-9F49-55F15E1F6280}.Release|Any CPU.Build.0 = Release|Any CPU
		{8E4A8C17-0909-4232-9661-86312124130A}.Debug|Any CPU.ActiveCfg = Debug|Any CPU
		{8E4A8C17-0909-4232-9661-86312124130A}.Debug|Any CPU.Build.0 = Debug|Any CPU
		{8E4A8C17-0909-4232-9661-86312124130A}.Release|Any CPU.ActiveCfg = Release|Any CPU
		{8E4A8C17-0909-4232-9661-86312124130A}.Release|Any CPU.Build.0 = Release|Any CPU
		{0D932364-FA0B-444C-8503-D30EA6933646}.Debug|Any CPU.ActiveCfg = Debug|Any CPU
		{0D932364-FA0B-444C-8503-D30EA6933646}.Debug|Any CPU.Build.0 = Debug|Any CPU
		{0D932364-FA0B-444C-8503-D30EA6933646}.Release|Any CPU.ActiveCfg = Release|Any CPU
		{0D932364-FA0B-444C-8503-D30EA6933646}.Release|Any CPU.Build.0 = Release|Any CPU
		{DE6B69BE-8A39-4CDA-B39D-1AE5A25D91D6}.Debug|Any CPU.ActiveCfg = Debug|Any CPU
		{DE6B69BE-8A39-4CDA-B39D-1AE5A25D91D6}.Debug|Any CPU.Build.0 = Debug|Any CPU
		{DE6B69BE-8A39-4CDA-B39D-1AE5A25D91D6}.Release|Any CPU.ActiveCfg = Release|Any CPU
		{DE6B69BE-8A39-4CDA-B39D-1AE5A25D91D6}.Release|Any CPU.Build.0 = Release|Any CPU
		{22F8BA5D-66C3-41B2-BD6A-6636BDDD8DCE}.Debug|Any CPU.ActiveCfg = Debug|Any CPU
		{22F8BA5D-66C3-41B2-BD6A-6636BDDD8DCE}.Debug|Any CPU.Build.0 = Debug|Any CPU
		{22F8BA5D-66C3-41B2-BD6A-6636BDDD8DCE}.Release|Any CPU.ActiveCfg = Release|Any CPU
		{22F8BA5D-66C3-41B2-BD6A-6636BDDD8DCE}.Release|Any CPU.Build.0 = Release|Any CPU
		{23569148-61E2-4B30-A7CE-F1F52130333E}.Debug|Any CPU.ActiveCfg = Debug|Any CPU
		{23569148-61E2-4B30-A7CE-F1F52130333E}.Debug|Any CPU.Build.0 = Debug|Any CPU
		{23569148-61E2-4B30-A7CE-F1F52130333E}.Release|Any CPU.ActiveCfg = Release|Any CPU
		{23569148-61E2-4B30-A7CE-F1F52130333E}.Release|Any CPU.Build.0 = Release|Any CPU
		{24B7BF14-C662-44DB-A4BF-9EC2FF0AB3EE}.Debug|Any CPU.ActiveCfg = Debug|Any CPU
		{24B7BF14-C662-44DB-A4BF-9EC2FF0AB3EE}.Debug|Any CPU.Build.0 = Debug|Any CPU
		{24B7BF14-C662-44DB-A4BF-9EC2FF0AB3EE}.Release|Any CPU.ActiveCfg = Release|Any CPU
		{24B7BF14-C662-44DB-A4BF-9EC2FF0AB3EE}.Release|Any CPU.Build.0 = Release|Any CPU
		{75064ED5-3F2D-4B03-830C-FB41FAD65F1E}.Debug|Any CPU.ActiveCfg = Debug|Any CPU
		{75064ED5-3F2D-4B03-830C-FB41FAD65F1E}.Debug|Any CPU.Build.0 = Debug|Any CPU
		{75064ED5-3F2D-4B03-830C-FB41FAD65F1E}.Release|Any CPU.ActiveCfg = Release|Any CPU
		{75064ED5-3F2D-4B03-830C-FB41FAD65F1E}.Release|Any CPU.Build.0 = Release|Any CPU
		{5F7B99A1-F587-4DEB-B9D7-BCE8AE2F019B}.Debug|Any CPU.ActiveCfg = Debug|Any CPU
		{5F7B99A1-F587-4DEB-B9D7-BCE8AE2F019B}.Debug|Any CPU.Build.0 = Debug|Any CPU
		{5F7B99A1-F587-4DEB-B9D7-BCE8AE2F019B}.Release|Any CPU.ActiveCfg = Release|Any CPU
		{5F7B99A1-F587-4DEB-B9D7-BCE8AE2F019B}.Release|Any CPU.Build.0 = Release|Any CPU
		{6A3A6466-D2AF-4065-9D47-55E9541E7842}.Debug|Any CPU.ActiveCfg = Debug|Any CPU
		{6A3A6466-D2AF-4065-9D47-55E9541E7842}.Debug|Any CPU.Build.0 = Debug|Any CPU
		{6A3A6466-D2AF-4065-9D47-55E9541E7842}.Release|Any CPU.ActiveCfg = Release|Any CPU
		{6A3A6466-D2AF-4065-9D47-55E9541E7842}.Release|Any CPU.Build.0 = Release|Any CPU
		{4A0BEBBA-F290-4714-8E96-706F584FF85A}.Debug|Any CPU.ActiveCfg = Debug|Any CPU
		{4A0BEBBA-F290-4714-8E96-706F584FF85A}.Debug|Any CPU.Build.0 = Debug|Any CPU
		{4A0BEBBA-F290-4714-8E96-706F584FF85A}.Release|Any CPU.ActiveCfg = Release|Any CPU
		{4A0BEBBA-F290-4714-8E96-706F584FF85A}.Release|Any CPU.Build.0 = Release|Any CPU
		{6F8D1C84-0316-487D-A580-58BC7FA05755}.Debug|Any CPU.ActiveCfg = Debug|Any CPU
		{6F8D1C84-0316-487D-A580-58BC7FA05755}.Debug|Any CPU.Build.0 = Debug|Any CPU
		{6F8D1C84-0316-487D-A580-58BC7FA05755}.Release|Any CPU.ActiveCfg = Release|Any CPU
		{6F8D1C84-0316-487D-A580-58BC7FA05755}.Release|Any CPU.Build.0 = Release|Any CPU
		{7E01D42D-2F58-4BD1-A36D-12DBFA1C89E7}.Debug|Any CPU.ActiveCfg = Debug|Any CPU
		{7E01D42D-2F58-4BD1-A36D-12DBFA1C89E7}.Debug|Any CPU.Build.0 = Debug|Any CPU
		{7E01D42D-2F58-4BD1-A36D-12DBFA1C89E7}.Release|Any CPU.ActiveCfg = Release|Any CPU
		{7E01D42D-2F58-4BD1-A36D-12DBFA1C89E7}.Release|Any CPU.Build.0 = Release|Any CPU
		{C0DB834F-89CE-4002-9614-897FA9E0EE15}.Debug|Any CPU.ActiveCfg = Debug|Any CPU
		{C0DB834F-89CE-4002-9614-897FA9E0EE15}.Debug|Any CPU.Build.0 = Debug|Any CPU
		{C0DB834F-89CE-4002-9614-897FA9E0EE15}.Release|Any CPU.ActiveCfg = Release|Any CPU
		{C0DB834F-89CE-4002-9614-897FA9E0EE15}.Release|Any CPU.Build.0 = Release|Any CPU
	EndGlobalSection
	GlobalSection(SolutionProperties) = preSolution
		HideSolutionNode = FALSE
	EndGlobalSection
	GlobalSection(ExtensibilityGlobals) = postSolution
		BuildVersion_StartDate = 2000/1/1
		SolutionGuid = {FEA7924B-BC55-4856-BE42-4C0124DCC287}
	EndGlobalSection
EndGlobal
